// !$*UTF8*$!
{
	archiveVersion = 1;
	classes = {
	};
	objectVersion = 48;
	objects = {

/* Begin PBXBuildFile section */
		18699471202DB5430001B819 /* AppDelegate.swift in Sources */ = {isa = PBXBuildFile; fileRef = 18699470202DB5430001B819 /* AppDelegate.swift */; };
		18699473202DB5430001B819 /* ViewController.swift in Sources */ = {isa = PBXBuildFile; fileRef = 18699472202DB5430001B819 /* ViewController.swift */; };
		18699476202DB5430001B819 /* Main.storyboard in Resources */ = {isa = PBXBuildFile; fileRef = 18699474202DB5430001B819 /* Main.storyboard */; };
		18699478202DB5430001B819 /* Assets.xcassets in Resources */ = {isa = PBXBuildFile; fileRef = 18699477202DB5430001B819 /* Assets.xcassets */; };
		1869947B202DB5430001B819 /* LaunchScreen.storyboard in Resources */ = {isa = PBXBuildFile; fileRef = 18699479202DB5430001B819 /* LaunchScreen.storyboard */; };
		18699486202DB5430001B819 /* Who_s_Round_Tests.swift in Sources */ = {isa = PBXBuildFile; fileRef = 18699485202DB5430001B819 /* Who_s_Round_Tests.swift */; };
		18699491202DB5430001B819 /* Who_s_Round_UITests.swift in Sources */ = {isa = PBXBuildFile; fileRef = 18699490202DB5430001B819 /* Who_s_Round_UITests.swift */; };
		186994A7202DC0980001B819 /* Single beer.jpg in Resources */ = {isa = PBXBuildFile; fileRef = 186994A4202DC0970001B819 /* Single beer.jpg */; };
		186994A8202DC0980001B819 /* Homer_Simpson_.png in Resources */ = {isa = PBXBuildFile; fileRef = 186994A5202DC0980001B819 /* Homer_Simpson_.png */; };
		186994A9202DC0980001B819 /* Round of beer.jpg in Resources */ = {isa = PBXBuildFile; fileRef = 186994A6202DC0980001B819 /* Round of beer.jpg */; };
/* End PBXBuildFile section */

/* Begin PBXContainerItemProxy section */
		18699482202DB5430001B819 /* PBXContainerItemProxy */ = {
			isa = PBXContainerItemProxy;
			containerPortal = 18699465202DB5420001B819 /* Project object */;
			proxyType = 1;
			remoteGlobalIDString = 1869946C202DB5430001B819;
			remoteInfo = "Who's Round?";
		};
		1869948D202DB5430001B819 /* PBXContainerItemProxy */ = {
			isa = PBXContainerItemProxy;
			containerPortal = 18699465202DB5420001B819 /* Project object */;
			proxyType = 1;
			remoteGlobalIDString = 1869946C202DB5430001B819;
			remoteInfo = "Who's Round?";
		};
/* End PBXContainerItemProxy section */

/* Begin PBXFileReference section */
		1869946D202DB5430001B819 /* Who's Round?.app */ = {isa = PBXFileReference; explicitFileType = wrapper.application; includeInIndex = 0; path = "Who's Round?.app"; sourceTree = BUILT_PRODUCTS_DIR; };
		18699470202DB5430001B819 /* AppDelegate.swift */ = {isa = PBXFileReference; lastKnownFileType = sourcecode.swift; path = AppDelegate.swift; sourceTree = "<group>"; };
		18699472202DB5430001B819 /* ViewController.swift */ = {isa = PBXFileReference; lastKnownFileType = sourcecode.swift; path = ViewController.swift; sourceTree = "<group>"; };
		18699475202DB5430001B819 /* Base */ = {isa = PBXFileReference; lastKnownFileType = file.storyboard; name = Base; path = Base.lproj/Main.storyboard; sourceTree = "<group>"; };
		18699477202DB5430001B819 /* Assets.xcassets */ = {isa = PBXFileReference; lastKnownFileType = folder.assetcatalog; path = Assets.xcassets; sourceTree = "<group>"; };
		1869947A202DB5430001B819 /* Base */ = {isa = PBXFileReference; lastKnownFileType = file.storyboard; name = Base; path = Base.lproj/LaunchScreen.storyboard; sourceTree = "<group>"; };
		1869947C202DB5430001B819 /* Info.plist */ = {isa = PBXFileReference; lastKnownFileType = text.plist.xml; path = Info.plist; sourceTree = "<group>"; };
		18699481202DB5430001B819 /* Who's Round?Tests.xctest */ = {isa = PBXFileReference; explicitFileType = wrapper.cfbundle; includeInIndex = 0; path = "Who's Round?Tests.xctest"; sourceTree = BUILT_PRODUCTS_DIR; };
		18699485202DB5430001B819 /* Who_s_Round_Tests.swift */ = {isa = PBXFileReference; lastKnownFileType = sourcecode.swift; path = Who_s_Round_Tests.swift; sourceTree = "<group>"; };
		18699487202DB5430001B819 /* Info.plist */ = {isa = PBXFileReference; lastKnownFileType = text.plist.xml; path = Info.plist; sourceTree = "<group>"; };
		1869948C202DB5430001B819 /* Who's Round?UITests.xctest */ = {isa = PBXFileReference; explicitFileType = wrapper.cfbundle; includeInIndex = 0; path = "Who's Round?UITests.xctest"; sourceTree = BUILT_PRODUCTS_DIR; };
		18699490202DB5430001B819 /* Who_s_Round_UITests.swift */ = {isa = PBXFileReference; lastKnownFileType = sourcecode.swift; path = Who_s_Round_UITests.swift; sourceTree = "<group>"; };
		18699492202DB5430001B819 /* Info.plist */ = {isa = PBXFileReference; lastKnownFileType = text.plist.xml; path = Info.plist; sourceTree = "<group>"; };
		186994A4202DC0970001B819 /* Single beer.jpg */ = {isa = PBXFileReference; lastKnownFileType = image.jpeg; path = "Single beer.jpg"; sourceTree = "<group>"; };
		186994A5202DC0980001B819 /* Homer_Simpson_.png */ = {isa = PBXFileReference; lastKnownFileType = image.png; path = Homer_Simpson_.png; sourceTree = "<group>"; };
		186994A6202DC0980001B819 /* Round of beer.jpg */ = {isa = PBXFileReference; lastKnownFileType = image.jpeg; path = "Round of beer.jpg"; sourceTree = "<group>"; };
/* End PBXFileReference section */

/* Begin PBXFrameworksBuildPhase section */
		1869946A202DB5430001B819 /* Frameworks */ = {
			isa = PBXFrameworksBuildPhase;
			buildActionMask = 2147483647;
			files = (
			);
			runOnlyForDeploymentPostprocessing = 0;
		};
		1869947E202DB5430001B819 /* Frameworks */ = {
			isa = PBXFrameworksBuildPhase;
			buildActionMask = 2147483647;
			files = (
			);
			runOnlyForDeploymentPostprocessing = 0;
		};
		18699489202DB5430001B819 /* Frameworks */ = {
			isa = PBXFrameworksBuildPhase;
			buildActionMask = 2147483647;
			files = (
			);
			runOnlyForDeploymentPostprocessing = 0;
		};
/* End PBXFrameworksBuildPhase section */

/* Begin PBXGroup section */
		18699464202DB5420001B819 = {
			isa = PBXGroup;
			children = (
				1869946F202DB5430001B819 /* Who's Round? */,
				18699484202DB5430001B819 /* Who's Round?Tests */,
				1869948F202DB5430001B819 /* Who's Round?UITests */,
				1869946E202DB5430001B819 /* Products */,
			);
			sourceTree = "<group>";
		};
		1869946E202DB5430001B819 /* Products */ = {
			isa = PBXGroup;
			children = (
				1869946D202DB5430001B819 /* Who's Round?.app */,
				18699481202DB5430001B819 /* Who's Round?Tests.xctest */,
				1869948C202DB5430001B819 /* Who's Round?UITests.xctest */,
			);
			name = Products;
			sourceTree = "<group>";
		};
		1869946F202DB5430001B819 /* Who's Round? */ = {
			isa = PBXGroup;
			children = (
				18699470202DB5430001B819 /* AppDelegate.swift */,
				18699472202DB5430001B819 /* ViewController.swift */,
				18699474202DB5430001B819 /* Main.storyboard */,
				186994A5202DC0980001B819 /* Homer_Simpson_.png */,
				186994A6202DC0980001B819 /* Round of beer.jpg */,
				186994A4202DC0970001B819 /* Single beer.jpg */,
				18699477202DB5430001B819 /* Assets.xcassets */,
				18699479202DB5430001B819 /* LaunchScreen.storyboard */,
				1869947C202DB5430001B819 /* Info.plist */,
			);
			path = "Who's Round?";
			sourceTree = "<group>";
		};
		18699484202DB5430001B819 /* Who's Round?Tests */ = {
			isa = PBXGroup;
			children = (
				18699485202DB5430001B819 /* Who_s_Round_Tests.swift */,
				18699487202DB5430001B819 /* Info.plist */,
			);
			path = "Who's Round?Tests";
			sourceTree = "<group>";
		};
		1869948F202DB5430001B819 /* Who's Round?UITests */ = {
			isa = PBXGroup;
			children = (
				18699490202DB5430001B819 /* Who_s_Round_UITests.swift */,
				18699492202DB5430001B819 /* Info.plist */,
			);
			path = "Who's Round?UITests";
			sourceTree = "<group>";
		};
/* End PBXGroup section */

/* Begin PBXNativeTarget section */
		1869946C202DB5430001B819 /* Who's Round? */ = {
			isa = PBXNativeTarget;
			buildConfigurationList = 18699495202DB5430001B819 /* Build configuration list for PBXNativeTarget "Who's Round?" */;
			buildPhases = (
				18699469202DB5430001B819 /* Sources */,
				1869946A202DB5430001B819 /* Frameworks */,
				1869946B202DB5430001B819 /* Resources */,
			);
			buildRules = (
			);
			dependencies = (
			);
			name = "Who's Round?";
			productName = "Who's Round?";
			productReference = 1869946D202DB5430001B819 /* Who's Round?.app */;
			productType = "com.apple.product-type.application";
		};
		18699480202DB5430001B819 /* Who's Round?Tests */ = {
			isa = PBXNativeTarget;
			buildConfigurationList = 18699498202DB5430001B819 /* Build configuration list for PBXNativeTarget "Who's Round?Tests" */;
			buildPhases = (
				1869947D202DB5430001B819 /* Sources */,
				1869947E202DB5430001B819 /* Frameworks */,
				1869947F202DB5430001B819 /* Resources */,
			);
			buildRules = (
			);
			dependencies = (
				18699483202DB5430001B819 /* PBXTargetDependency */,
			);
			name = "Who's Round?Tests";
			productName = "Who's Round?Tests";
			productReference = 18699481202DB5430001B819 /* Who's Round?Tests.xctest */;
			productType = "com.apple.product-type.bundle.unit-test";
		};
		1869948B202DB5430001B819 /* Who's Round?UITests */ = {
			isa = PBXNativeTarget;
			buildConfigurationList = 1869949B202DB5430001B819 /* Build configuration list for PBXNativeTarget "Who's Round?UITests" */;
			buildPhases = (
				18699488202DB5430001B819 /* Sources */,
				18699489202DB5430001B819 /* Frameworks */,
				1869948A202DB5430001B819 /* Resources */,
			);
			buildRules = (
			);
			dependencies = (
				1869948E202DB5430001B819 /* PBXTargetDependency */,
			);
			name = "Who's Round?UITests";
			productName = "Who's Round?UITests";
			productReference = 1869948C202DB5430001B819 /* Who's Round?UITests.xctest */;
			productType = "com.apple.product-type.bundle.ui-testing";
		};
/* End PBXNativeTarget section */

/* Begin PBXProject section */
		18699465202DB5420001B819 /* Project object */ = {
			isa = PBXProject;
			attributes = {
				LastSwiftUpdateCheck = 0920;
				LastUpgradeCheck = 0920;
				ORGANIZATIONNAME = Apple;
				TargetAttributes = {
					1869946C202DB5430001B819 = {
						CreatedOnToolsVersion = 9.2;
						ProvisioningStyle = Automatic;
					};
					18699480202DB5430001B819 = {
						CreatedOnToolsVersion = 9.2;
						ProvisioningStyle = Automatic;
						TestTargetID = 1869946C202DB5430001B819;
					};
					1869948B202DB5430001B819 = {
						CreatedOnToolsVersion = 9.2;
						ProvisioningStyle = Automatic;
						TestTargetID = 1869946C202DB5430001B819;
					};
				};
			};
			buildConfigurationList = 18699468202DB5430001B819 /* Build configuration list for PBXProject "Who's Round?" */;
			compatibilityVersion = "Xcode 8.0";
			developmentRegion = en;
			hasScannedForEncodings = 0;
			knownRegions = (
				en,
				Base,
			);
			mainGroup = 18699464202DB5420001B819;
			productRefGroup = 1869946E202DB5430001B819 /* Products */;
			projectDirPath = "";
			projectRoot = "";
			targets = (
				1869946C202DB5430001B819 /* Who's Round? */,
				18699480202DB5430001B819 /* Who's Round?Tests */,
				1869948B202DB5430001B819 /* Who's Round?UITests */,
			);
		};
/* End PBXProject section */

/* Begin PBXResourcesBuildPhase section */
		1869946B202DB5430001B819 /* Resources */ = {
			isa = PBXResourcesBuildPhase;
			buildActionMask = 2147483647;
			files = (
				1869947B202DB5430001B819 /* LaunchScreen.storyboard in Resources */,
				18699478202DB5430001B819 /* Assets.xcassets in Resources */,
				186994A7202DC0980001B819 /* Single beer.jpg in Resources */,
				18699476202DB5430001B819 /* Main.storyboard in Resources */,
				186994A8202DC0980001B819 /* Homer_Simpson_.png in Resources */,
				186994A9202DC0980001B819 /* Round of beer.jpg in Resources */,
			);
			runOnlyForDeploymentPostprocessing = 0;
		};
		1869947F202DB5430001B819 /* Resources */ = {
			isa = PBXResourcesBuildPhase;
			buildActionMask = 2147483647;
			files = (
			);
			runOnlyForDeploymentPostprocessing = 0;
		};
		1869948A202DB5430001B819 /* Resources */ = {
			isa = PBXResourcesBuildPhase;
			buildActionMask = 2147483647;
			files = (
			);
			runOnlyForDeploymentPostprocessing = 0;
		};
/* End PBXResourcesBuildPhase section */

/* Begin PBXSourcesBuildPhase section */
		18699469202DB5430001B819 /* Sources */ = {
			isa = PBXSourcesBuildPhase;
			buildActionMask = 2147483647;
			files = (
				18699473202DB5430001B819 /* ViewController.swift in Sources */,
				18699471202DB5430001B819 /* AppDelegate.swift in Sources */,
			);
			runOnlyForDeploymentPostprocessing = 0;
		};
		1869947D202DB5430001B819 /* Sources */ = {
			isa = PBXSourcesBuildPhase;
			buildActionMask = 2147483647;
			files = (
				18699486202DB5430001B819 /* Who_s_Round_Tests.swift in Sources */,
			);
			runOnlyForDeploymentPostprocessing = 0;
		};
		18699488202DB5430001B819 /* Sources */ = {
			isa = PBXSourcesBuildPhase;
			buildActionMask = 2147483647;
			files = (
				18699491202DB5430001B819 /* Who_s_Round_UITests.swift in Sources */,
			);
			runOnlyForDeploymentPostprocessing = 0;
		};
/* End PBXSourcesBuildPhase section */

/* Begin PBXTargetDependency section */
		18699483202DB5430001B819 /* PBXTargetDependency */ = {
			isa = PBXTargetDependency;
			target = 1869946C202DB5430001B819 /* Who's Round? */;
			targetProxy = 18699482202DB5430001B819 /* PBXContainerItemProxy */;
		};
		1869948E202DB5430001B819 /* PBXTargetDependency */ = {
			isa = PBXTargetDependency;
			target = 1869946C202DB5430001B819 /* Who's Round? */;
			targetProxy = 1869948D202DB5430001B819 /* PBXContainerItemProxy */;
		};
/* End PBXTargetDependency section */

/* Begin PBXVariantGroup section */
		18699474202DB5430001B819 /* Main.storyboard */ = {
			isa = PBXVariantGroup;
			children = (
				18699475202DB5430001B819 /* Base */,
			);
			name = Main.storyboard;
			sourceTree = "<group>";
		};
		18699479202DB5430001B819 /* LaunchScreen.storyboard */ = {
			isa = PBXVariantGroup;
			children = (
				1869947A202DB5430001B819 /* Base */,
			);
			name = LaunchScreen.storyboard;
			sourceTree = "<group>";
		};
/* End PBXVariantGroup section */

/* Begin XCBuildConfiguration section */
		18699493202DB5430001B819 /* Debug */ = {
			isa = XCBuildConfiguration;
			buildSettings = {
				ALWAYS_SEARCH_USER_PATHS = NO;
				CLANG_ANALYZER_NONNULL = YES;
				CLANG_ANALYZER_NUMBER_OBJECT_CONVERSION = YES_AGGRESSIVE;
				CLANG_CXX_LANGUAGE_STANDARD = "gnu++14";
				CLANG_CXX_LIBRARY = "libc++";
				CLANG_ENABLE_MODULES = YES;
				CLANG_ENABLE_OBJC_ARC = YES;
				CLANG_WARN_BLOCK_CAPTURE_AUTORELEASING = YES;
				CLANG_WARN_BOOL_CONVERSION = YES;
				CLANG_WARN_COMMA = YES;
				CLANG_WARN_CONSTANT_CONVERSION = YES;
				CLANG_WARN_DIRECT_OBJC_ISA_USAGE = YES_ERROR;
				CLANG_WARN_DOCUMENTATION_COMMENTS = YES;
				CLANG_WARN_EMPTY_BODY = YES;
				CLANG_WARN_ENUM_CONVERSION = YES;
				CLANG_WARN_INFINITE_RECURSION = YES;
				CLANG_WARN_INT_CONVERSION = YES;
				CLANG_WARN_NON_LITERAL_NULL_CONVERSION = YES;
				CLANG_WARN_OBJC_LITERAL_CONVERSION = YES;
				CLANG_WARN_OBJC_ROOT_CLASS = YES_ERROR;
				CLANG_WARN_RANGE_LOOP_ANALYSIS = YES;
				CLANG_WARN_STRICT_PROTOTYPES = YES;
				CLANG_WARN_SUSPICIOUS_MOVE = YES;
				CLANG_WARN_UNGUARDED_AVAILABILITY = YES_AGGRESSIVE;
				CLANG_WARN_UNREACHABLE_CODE = YES;
				CLANG_WARN__DUPLICATE_METHOD_MATCH = YES;
				CODE_SIGN_IDENTITY = "iPhone Developer";
				COPY_PHASE_STRIP = NO;
				DEBUG_INFORMATION_FORMAT = dwarf;
				ENABLE_STRICT_OBJC_MSGSEND = YES;
				ENABLE_TESTABILITY = YES;
				GCC_C_LANGUAGE_STANDARD = gnu11;
				GCC_DYNAMIC_NO_PIC = NO;
				GCC_NO_COMMON_BLOCKS = YES;
				GCC_OPTIMIZATION_LEVEL = 0;
				GCC_PREPROCESSOR_DEFINITIONS = (
					"DEBUG=1",
					"$(inherited)",
				);
				GCC_WARN_64_TO_32_BIT_CONVERSION = YES;
				GCC_WARN_ABOUT_RETURN_TYPE = YES_ERROR;
				GCC_WARN_UNDECLARED_SELECTOR = YES;
				GCC_WARN_UNINITIALIZED_AUTOS = YES_AGGRESSIVE;
				GCC_WARN_UNUSED_FUNCTION = YES;
				GCC_WARN_UNUSED_VARIABLE = YES;
				IPHONEOS_DEPLOYMENT_TARGET = 11.2;
				MTL_ENABLE_DEBUG_INFO = YES;
				ONLY_ACTIVE_ARCH = YES;
				SDKROOT = iphoneos;
				SWIFT_ACTIVE_COMPILATION_CONDITIONS = DEBUG;
				SWIFT_OPTIMIZATION_LEVEL = "-Onone";
			};
			name = Debug;
		};
		18699494202DB5430001B819 /* Release */ = {
			isa = XCBuildConfiguration;
			buildSettings = {
				ALWAYS_SEARCH_USER_PATHS = NO;
				CLANG_ANALYZER_NONNULL = YES;
				CLANG_ANALYZER_NUMBER_OBJECT_CONVERSION = YES_AGGRESSIVE;
				CLANG_CXX_LANGUAGE_STANDARD = "gnu++14";
				CLANG_CXX_LIBRARY = "libc++";
				CLANG_ENABLE_MODULES = YES;
				CLANG_ENABLE_OBJC_ARC = YES;
				CLANG_WARN_BLOCK_CAPTURE_AUTORELEASING = YES;
				CLANG_WARN_BOOL_CONVERSION = YES;
				CLANG_WARN_COMMA = YES;
				CLANG_WARN_CONSTANT_CONVERSION = YES;
				CLANG_WARN_DIRECT_OBJC_ISA_USAGE = YES_ERROR;
				CLANG_WARN_DOCUMENTATION_COMMENTS = YES;
				CLANG_WARN_EMPTY_BODY = YES;
				CLANG_WARN_ENUM_CONVERSION = YES;
				CLANG_WARN_INFINITE_RECURSION = YES;
				CLANG_WARN_INT_CONVERSION = YES;
				CLANG_WARN_NON_LITERAL_NULL_CONVERSION = YES;
				CLANG_WARN_OBJC_LITERAL_CONVERSION = YES;
				CLANG_WARN_OBJC_ROOT_CLASS = YES_ERROR;
				CLANG_WARN_RANGE_LOOP_ANALYSIS = YES;
				CLANG_WARN_STRICT_PROTOTYPES = YES;
				CLANG_WARN_SUSPICIOUS_MOVE = YES;
				CLANG_WARN_UNGUARDED_AVAILABILITY = YES_AGGRESSIVE;
				CLANG_WARN_UNREACHABLE_CODE = YES;
				CLANG_WARN__DUPLICATE_METHOD_MATCH = YES;
				CODE_SIGN_IDENTITY = "iPhone Developer";
				COPY_PHASE_STRIP = NO;
				DEBUG_INFORMATION_FORMAT = "dwarf-with-dsym";
				ENABLE_NS_ASSERTIONS = NO;
				ENABLE_STRICT_OBJC_MSGSEND = YES;
				GCC_C_LANGUAGE_STANDARD = gnu11;
				GCC_NO_COMMON_BLOCKS = YES;
				GCC_WARN_64_TO_32_BIT_CONVERSION = YES;
				GCC_WARN_ABOUT_RETURN_TYPE = YES_ERROR;
				GCC_WARN_UNDECLARED_SELECTOR = YES;
				GCC_WARN_UNINITIALIZED_AUTOS = YES_AGGRESSIVE;
				GCC_WARN_UNUSED_FUNCTION = YES;
				GCC_WARN_UNUSED_VARIABLE = YES;
				IPHONEOS_DEPLOYMENT_TARGET = 11.2;
				MTL_ENABLE_DEBUG_INFO = NO;
				SDKROOT = iphoneos;
				SWIFT_OPTIMIZATION_LEVEL = "-Owholemodule";
				VALIDATE_PRODUCT = YES;
			};
			name = Release;
		};
		18699496202DB5430001B819 /* Debug */ = {
			isa = XCBuildConfiguration;
			buildSettings = {
				ASSETCATALOG_COMPILER_APPICON_NAME = AppIcon;
				CODE_SIGN_STYLE = Automatic;
				DEVELOPMENT_TEAM = 34P887Q6J9;
				INFOPLIST_FILE = "Who's Round?/Info.plist";
				IPHONEOS_DEPLOYMENT_TARGET = 11.2;
				LD_RUNPATH_SEARCH_PATHS = "$(inherited) @executable_path/Frameworks";
				PRODUCT_BUNDLE_IDENTIFIER = "com.appyteacher.whosround.Who-s-R94";
				PRODUCT_NAME = "$(TARGET_NAME)";
				SWIFT_VERSION = 4.0;
				TARGETED_DEVICE_FAMILY = "1,2";
			};
			name = Debug;
		};
		18699497202DB5430001B819 /* Release */ = {
			isa = XCBuildConfiguration;
			buildSettings = {
				ASSETCATALOG_COMPILER_APPICON_NAME = AppIcon;
				CODE_SIGN_STYLE = Automatic;
				DEVELOPMENT_TEAM = 34P887Q6J9;
				INFOPLIST_FILE = "Who's Round?/Info.plist";
				IPHONEOS_DEPLOYMENT_TARGET = 11.2;
				LD_RUNPATH_SEARCH_PATHS = "$(inherited) @executable_path/Frameworks";
				PRODUCT_BUNDLE_IDENTIFIER = "com.appyteacher.whosround.Who-s-R94";
				PRODUCT_NAME = "$(TARGET_NAME)";
				SWIFT_VERSION = 4.0;
				TARGETED_DEVICE_FAMILY = "1,2";
			};
			name = Release;
		};
		18699499202DB5430001B819 /* Debug */ = {
			isa = XCBuildConfiguration;
			buildSettings = {
				ALWAYS_EMBED_SWIFT_STANDARD_LIBRARIES = YES;
				BUNDLE_LOADER = "$(TEST_HOST)";
				CODE_SIGN_STYLE = Automatic;
				INFOPLIST_FILE = "Who's Round?Tests/Info.plist";
				LD_RUNPATH_SEARCH_PATHS = "$(inherited) @executable_path/Frameworks @loader_path/Frameworks";
				PRODUCT_BUNDLE_IDENTIFIER = "com.appyteacher.whosround.Who-s-Round-Tests";
				PRODUCT_NAME = "$(TARGET_NAME)";
				SWIFT_VERSION = 4.0;
				TARGETED_DEVICE_FAMILY = "1,2";
				TEST_HOST = "$(BUILT_PRODUCTS_DIR)/Who's Round?.app/Who's Round?";
			};
			name = Debug;
		};
		1869949A202DB5430001B819 /* Release */ = {
			isa = XCBuildConfiguration;
			buildSettings = {
				ALWAYS_EMBED_SWIFT_STANDARD_LIBRARIES = YES;
				BUNDLE_LOADER = "$(TEST_HOST)";
				CODE_SIGN_STYLE = Automatic;
				INFOPLIST_FILE = "Who's Round?Tests/Info.plist";
				LD_RUNPATH_SEARCH_PATHS = "$(inherited) @executable_path/Frameworks @loader_path/Frameworks";
				PRODUCT_BUNDLE_IDENTIFIER = "com.appyteacher.whosround.Who-s-Round-Tests";
				PRODUCT_NAME = "$(TARGET_NAME)";
				SWIFT_VERSION = 4.0;
				TARGETED_DEVICE_FAMILY = "1,2";
				TEST_HOST = "$(BUILT_PRODUCTS_DIR)/Who's Round?.app/Who's Round?";
			};
			name = Release;
		};
		1869949C202DB5430001B819 /* Debug */ = {
			isa = XCBuildConfiguration;
			buildSettings = {
				ALWAYS_EMBED_SWIFT_STANDARD_LIBRARIES = YES;
				CODE_SIGN_STYLE = Automatic;
				INFOPLIST_FILE = "Who's Round?UITests/Info.plist";
				LD_RUNPATH_SEARCH_PATHS = "$(inherited) @executable_path/Frameworks @loader_path/Frameworks";
				PRODUCT_BUNDLE_IDENTIFIER = "com.appyteacher.whosround.Who-s-Round-UITests";
				PRODUCT_NAME = "$(TARGET_NAME)";
				SWIFT_VERSION = 4.0;
				TARGETED_DEVICE_FAMILY = "1,2";
				TEST_TARGET_NAME = "Who's Round?";
			};
			name = Debug;
		};
		1869949D202DB5430001B819 /* Release */ = {
			isa = XCBuildConfiguration;
			buildSettings = {
				ALWAYS_EMBED_SWIFT_STANDARD_LIBRARIES = YES;
				CODE_SIGN_STYLE = Automatic;
				INFOPLIST_FILE = "Who's Round?UITests/Info.plist";
				LD_RUNPATH_SEARCH_PATHS = "$(inherited) @executable_path/Frameworks @loader_path/Frameworks";
				PRODUCT_BUNDLE_IDENTIFIER = "com.appyteacher.whosround.Who-s-Round-UITests";
				PRODUCT_NAME = "$(TARGET_NAME)";
				SWIFT_VERSION = 4.0;
				TARGETED_DEVICE_FAMILY = "1,2";
				TEST_TARGET_NAME = "Who's Round?";
			};
			name = Release;
		};
/* End XCBuildConfiguration section */

/* Begin XCConfigurationList section */
		18699468202DB5430001B819 /* Build configuration list for PBXProject "Who's Round?" */ = {
			isa = XCConfigurationList;
			buildConfigurations = (
				18699493202DB5430001B819 /* Debug */,
				18699494202DB5430001B819 /* Release */,
			);
			defaultConfigurationIsVisible = 0;
			defaultConfigurationName = Release;
		};
		18699495202DB5430001B819 /* Build configuration list for PBXNativeTarget "Who's Round?" */ = {
			isa = XCConfigurationList;
			buildConfigurations = (
				18699496202DB5430001B819 /* Debug */,
				18699497202DB5430001B819 /* Release */,
			);
			defaultConfigurationIsVisible = 0;
			defaultConfigurationName = Release;
		};
		18699498202DB5430001B819 /* Build configuration list for PBXNativeTarget "Who's Round?Tests" */ = {
			isa = XCConfigurationList;
			buildConfigurations = (
				18699499202DB5430001B819 /* Debug */,
				1869949A202DB5430001B819 /* Release */,
			);
			defaultConfigurationIsVisible = 0;
			defaultConfigurationName = Release;
		};
		1869949B202DB5430001B819 /* Build configuration list for PBXNativeTarget "Who's Round?UITests" */ = {
			isa = XCConfigurationList;
			buildConfigurations = (
				1869949C202DB5430001B819 /* Debug */,
				1869949D202DB5430001B819 /* Release */,
			);
			defaultConfigurationIsVisible = 0;
			defaultConfigurationName = Release;
		};
/* End XCConfigurationList section */
	};
	rootObject = 18699465202DB5420001B819 /* Project object */;
}
